
Microsoft Visual Studio Solution File, Format Version 12.00
# Visual Studio Version 17
VisualStudioVersion = 17.0.31903.59
MinimumVisualStudioVersion = 10.0.40219.1
Project("{2150E333-8FDC-42A3-9474-1A3956D46DE8}") = "src", "src", "{B4F0C0E0-A08A-4954-BC23-A0E23A254FE1}"
EndProject
Project("{FAE04EC0-301F-11D3-BF4B-00C04F79EFBC}") = "VolmeThin.Core", "src\VolmeThin.Core\VolmeThin.Core.csproj", "{F2B52E63-0B3F-45F0-8552-CE2416225C6B}"
EndProject
Project("{FAE04EC0-301F-11D3-BF4B-00C04F79EFBC}") = "VolmeThin.Capture", "src\VolmeThin.Capture\VolmeThin.Capture.csproj", "{BFA50CCB-90EE-4744-A412-D87A3725F264}"
EndProject
Project("{FAE04EC0-301F-11D3-BF4B-00C04F79EFBC}") = "VolmeThin.Stub", "src\VolmeThin.Stub\VolmeThin.Stub.csproj", "{288EFFD9-095F-42EF-92F0-E138706CFCD6}"
EndProject
Project("{FAE04EC0-301F-11D3-BF4B-00C04F79EFBC}") = "VolmeThin.Builder", "src\VolmeThin.Builder\VolmeThin.Builder.csproj", "{4BC7CAC2-03C5-4761-B6A1-40D5E82E5956}"
EndProject
Project("{2150E333-8FDC-42A3-9474-1A3956D46DE8}") = "tests", "tests", "{D982DBF7-92E0-4DCE-BB78-DEFC95120A14}"
EndProject
Project("{FAE04EC0-301F-11D3-BF4B-00C04F79EFBC}") = "VolmeThin.Tests", "tests\VolmeThin.Tests\VolmeThin.Tests.csproj", "{81D41EA5-DEA9-44D5-AFB5-414E931118A2}"
EndProject
Project("{FAE04EC0-301F-11D3-BF4B-00C04F79EFBC}") = "VolmeThin.App", "src\VolmeThin.App\VolmeThin.App.csproj", "{B409B1D8-0CD6-408F-A85C-3F53B7D63B3F}"
EndProject
Project("{FAE04EC0-301F-11D3-BF4B-00C04F79EFBC}") = "VolmeThin.Server", "src\VolmeThin.Server\VolmeThin.Server.csproj", "{09AAF01B-3EBA-4B5F-B1AF-98F699FDA382}"
EndProject
Project("{FAE04EC0-301F-11D3-BF4B-00C04F79EFBC}") = "VolmeThin.Agent", "src\VolmeThin.Agent\VolmeThin.Agent.csproj", "{79E1A3B8-2B3D-405A-B9E6-A6FF568B3127}"
EndProject
Global
	GlobalSection(SolutionConfigurationPlatforms) = preSolution
		Debug|Any CPU = Debug|Any CPU
		Release|Any CPU = Release|Any CPU
	EndGlobalSection
	GlobalSection(SolutionProperties) = preSolution
		HideSolutionNode = FALSE
	EndGlobalSection
	GlobalSection(ProjectConfigurationPlatforms) = postSolution
		{F2B52E63-0B3F-45F0-8552-CE2416225C6B}.Debug|Any CPU.ActiveCfg = Debug|Any CPU
		{F2B52E63-0B3F-45F0-8552-CE2416225C6B}.Debug|Any CPU.Build.0 = Debug|Any CPU
		{F2B52E63-0B3F-45F0-8552-CE2416225C6B}.Release|Any CPU.ActiveCfg = Release|Any CPU
		{F2B52E63-0B3F-45F0-8552-CE2416225C6B}.Release|Any CPU.Build.0 = Release|Any CPU
		{BFA50CCB-90EE-4744-A412-D87A3725F264}.Debug|Any CPU.ActiveCfg = Debug|Any CPU
		{BFA50CCB-90EE-4744-A412-D87A3725F264}.Debug|Any CPU.Build.0 = Debug|Any CPU
		{BFA50CCB-90EE-4744-A412-D87A3725F264}.Release|Any CPU.ActiveCfg = Release|Any CPU
		{BFA50CCB-90EE-4744-A412-D87A3725F264}.Release|Any CPU.Build.0 = Release|Any CPU
		{288EFFD9-095F-42EF-92F0-E138706CFCD6}.Debug|Any CPU.ActiveCfg = Debug|Any CPU
		{288EFFD9-095F-42EF-92F0-E138706CFCD6}.Debug|Any CPU.Build.0 = Debug|Any CPU
		{288EFFD9-095F-42EF-92F0-E138706CFCD6}.Release|Any CPU.ActiveCfg = Release|Any CPU
		{288EFFD9-095F-42EF-92F0-E138706CFCD6}.Release|Any CPU.Build.0 = Release|Any CPU
		{4BC7CAC2-03C5-4761-B6A1-40D5E82E5956}.Debug|Any CPU.ActiveCfg = Debug|Any CPU
		{4BC7CAC2-03C5-4761-B6A1-40D5E82E5956}.Debug|Any CPU.Build.0 = Debug|Any CPU
		{4BC7CAC2-03C5-4761-B6A1-40D5E82E5956}.Release|Any CPU.ActiveCfg = Release|Any CPU
		{4BC7CAC2-03C5-4761-B6A1-40D5E82E5956}.Release|Any CPU.Build.0 = Release|Any CPU
		{81D41EA5-DEA9-44D5-AFB5-414E931118A2}.Debug|Any CPU.ActiveCfg = Debug|Any CPU
		{81D41EA5-DEA9-44D5-AFB5-414E931118A2}.Debug|Any CPU.Build.0 = Debug|Any CPU
		{81D41EA5-DEA9-44D5-AFB5-414E931118A2}.Release|Any CPU.ActiveCfg = Release|Any CPU
		{81D41EA5-DEA9-44D5-AFB5-414E931118A2}.Release|Any CPU.Build.0 = Release|Any CPU
		{B409B1D8-0CD6-408F-A85C-3F53B7D63B3F}.Debug|Any CPU.ActiveCfg = Debug|Any CPU
		{B409B1D8-0CD6-408F-A85C-3F53B7D63B3F}.Debug|Any CPU.Build.0 = Debug|Any CPU
		{B409B1D8-0CD6-408F-A85C-3F53B7D63B3F}.Release|Any CPU.ActiveCfg = Release|Any CPU
		{B409B1D8-0CD6-408F-A85C-3F53B7D63B3F}.Release|Any CPU.Build.0 = Release|Any CPU
		{09AAF01B-3EBA-4B5F-B1AF-98F699FDA382}.Debug|Any CPU.ActiveCfg = Debug|Any CPU
		{09AAF01B-3EBA-4B5F-B1AF-98F699FDA382}.Debug|Any CPU.Build.0 = Debug|Any CPU
		{09AAF01B-3EBA-4B5F-B1AF-98F699FDA382}.Release|Any CPU.ActiveCfg = Release|Any CPU
		{09AAF01B-3EBA-4B5F-B1AF-98F699FDA382}.Release|Any CPU.Build.0 = Release|Any CPU
		{79E1A3B8-2B3D-405A-B9E6-A6FF568B3127}.Debug|Any CPU.ActiveCfg = Debug|Any CPU
		{79E1A3B8-2B3D-405A-B9E6-A6FF568B3127}.Debug|Any CPU.Build.0 = Debug|Any CPU
		{79E1A3B8-2B3D-405A-B9E6-A6FF568B3127}.Release|Any CPU.ActiveCfg = Release|Any CPU
		{79E1A3B8-2B3D-405A-B9E6-A6FF568B3127}.Release|Any CPU.Build.0 = Release|Any CPU
	EndGlobalSection
	GlobalSection(NestedProjects) = preSolution
		{F2B52E63-0B3F-45F0-8552-CE2416225C6B} = {B4F0C0E0-A08A-4954-BC23-A0E23A254FE1}
		{BFA50CCB-90EE-4744-A412-D87A3725F264} = {B4F0C0E0-A08A-4954-BC23-A0E23A254FE1}
		{288EFFD9-095F-42EF-92F0-E138706CFCD6} = {B4F0C0E0-A08A-4954-BC23-A0E23A254FE1}
		{4BC7CAC2-03C5-4761-B6A1-40D5E82E5956} = {B4F0C0E0-A08A-4954-BC23-A0E23A254FE1}
		{81D41EA5-DEA9-44D5-AFB5-414E931118A2} = {D982DBF7-92E0-4DCE-BB78-DEFC95120A14}
		{B409B1D8-0CD6-408F-A85C-3F53B7D63B3F} = {B4F0C0E0-A08A-4954-BC23-A0E23A254FE1}
		{09AAF01B-3EBA-4B5F-B1AF-98F699FDA382} = {B4F0C0E0-A08A-4954-BC23-A0E23A254FE1}
		{79E1A3B8-2B3D-405A-B9E6-A6FF568B3127} = {B4F0C0E0-A08A-4954-BC23-A0E23A254FE1}
	EndGlobalSection
EndGlobal
